
Microsoft Visual Studio Solution File, Format Version 12.00
# Visual Studio Version 17
VisualStudioVersion = 17.11.35222.181
MinimumVisualStudioVersion = 10.0.40219.1
Project("{FAE04EC0-301F-11D3-BF4B-00C04F79EFBC}") = "SkepERP", "SkepERP.csproj", "{668D1F4C-868D-4E3D-8327-6831FE3DEDCB}"
EndProject
Global
	GlobalSection(SolutionConfigurationPlatforms) = preSolution
		Debug|Any CPU = Debug|Any CPU
		Release|Any CPU = Release|Any CPU
	EndGlobalSection
	GlobalSection(ProjectConfigurationPlatforms) = postSolution
		{668D1F4C-868D-4E3D-8327-6831FE3DEDCB}.Debug|Any CPU.ActiveCfg = Debug|Any CPU
		{668D1F4C-868D-4E3D-8327-6831FE3DEDCB}.Debug|Any CPU.Build.0 = Debug|Any CPU
		{668D1F4C-868D-4E3D-8327-6831FE3DEDCB}.Release|Any CPU.ActiveCfg = Release|Any CPU
		{668D1F4C-868D-4E3D-8327-6831FE3DEDCB}.Release|Any CPU.Build.0 = Release|Any CPU
	EndGlobalSection
	GlobalSection(SolutionProperties) = preSolution
		HideSolutionNode = FALSE
	EndGlobalSection
	GlobalSection(ExtensibilityGlobals) = postSolution
		SolutionGuid = {0FDAB584-45F7-41F3-979E-FFA3C2CF9631}
	EndGlobalSection
EndGlobal
